
Microsoft Visual Studio Solution File, Format Version 12.00
# Visual Studio Version 17
VisualStudioVersion = 17.2.32616.157
MinimumVisualStudioVersion = 10.0.40219.1
Project("{FAE04EC0-301F-11D3-BF4B-00C04F79EFBC}") = "Find_prime_factors", "Find_prime_factors\Find_prime_factors.csproj", "{D62B8FE3-1A37-4C42-915C-3FF4B023BDC7}"
EndProject
Global
	GlobalSection(SolutionConfigurationPlatforms) = preSolution
		Debug|Any CPU = Debug|Any CPU
		Release|Any CPU = Release|Any CPU
	EndGlobalSection
	GlobalSection(ProjectConfigurationPlatforms) = postSolution
		{D62B8FE3-1A37-4C42-915C-3FF4B023BDC7}.Debug|Any CPU.ActiveCfg = Debug|Any CPU
		{D62B8FE3-1A37-4C42-915C-3FF4B023BDC7}.Debug|Any CPU.Build.0 = Debug|Any CPU
		{D62B8FE3-1A37-4C42-915C-3FF4B023BDC7}.Release|Any CPU.ActiveCfg = Release|Any CPU
		{D62B8FE3-1A37-4C42-915C-3FF4B023BDC7}.Release|Any CPU.Build.0 = Release|Any CPU
	EndGlobalSection
	GlobalSection(SolutionProperties) = preSolution
		HideSolutionNode = FALSE
	EndGlobalSection
	GlobalSection(ExtensibilityGlobals) = postSolution
		SolutionGuid = {8D281CB6-4F9E-46A0-B5A1-313E1C70A585}
	EndGlobalSection
EndGlobal
