
Microsoft Visual Studio Solution File, Format Version 12.00
# Visual Studio Version 17
VisualStudioVersion = 17.2.32616.157
MinimumVisualStudioVersion = 10.0.40219.1
Project("{FAE04EC0-301F-11D3-BF4B-00C04F79EFBC}") = "WindowsFormsApp1", "WindowsFormsApp1\WindowsFormsApp1.csproj", "{5AA85F43-61EA-4FE3-AB70-B8494E6A31D2}"
EndProject
Global
	GlobalSection(SolutionConfigurationPlatforms) = preSolution
		Debug|Any CPU = Debug|Any CPU
		Release|Any CPU = Release|Any CPU
	EndGlobalSection
	GlobalSection(ProjectConfigurationPlatforms) = postSolution
		{5AA85F43-61EA-4FE3-AB70-B8494E6A31D2}.Debug|Any CPU.ActiveCfg = Debug|Any CPU
		{5AA85F43-61EA-4FE3-AB70-B8494E6A31D2}.Debug|Any CPU.Build.0 = Debug|Any CPU
		{5AA85F43-61EA-4FE3-AB70-B8494E6A31D2}.Release|Any CPU.ActiveCfg = Release|Any CPU
		{5AA85F43-61EA-4FE3-AB70-B8494E6A31D2}.Release|Any CPU.Build.0 = Release|Any CPU
	EndGlobalSection
	GlobalSection(SolutionProperties) = preSolution
		HideSolutionNode = FALSE
	EndGlobalSection
	GlobalSection(ExtensibilityGlobals) = postSolution
		SolutionGuid = {7086CBAA-E31A-44EE-8B91-5FD5A67F026F}
	EndGlobalSection
EndGlobal
