
Microsoft Visual Studio Solution File, Format Version 12.00
# Visual Studio Version 17
VisualStudioVersion = 17.2.32616.157
MinimumVisualStudioVersion = 10.0.40219.1
Project("{9A19103F-16F7-4668-BE54-9A1E7A4F7556}") = "Alarm", "ConsoleApp3\Alarm.csproj", "{53CA689C-9575-434F-A6BA-9600B48FD535}"
EndProject
Global
	GlobalSection(SolutionConfigurationPlatforms) = preSolution
		Debug|Any CPU = Debug|Any CPU
		Release|Any CPU = Release|Any CPU
	EndGlobalSection
	GlobalSection(ProjectConfigurationPlatforms) = postSolution
		{53CA689C-9575-434F-A6BA-9600B48FD535}.Debug|Any CPU.ActiveCfg = Debug|Any CPU
		{53CA689C-9575-434F-A6BA-9600B48FD535}.Debug|Any CPU.Build.0 = Debug|Any CPU
		{53CA689C-9575-434F-A6BA-9600B48FD535}.Release|Any CPU.ActiveCfg = Release|Any CPU
		{53CA689C-9575-434F-A6BA-9600B48FD535}.Release|Any CPU.Build.0 = Release|Any CPU
	EndGlobalSection
	GlobalSection(SolutionProperties) = preSolution
		HideSolutionNode = FALSE
	EndGlobalSection
	GlobalSection(ExtensibilityGlobals) = postSolution
		SolutionGuid = {F7AC2522-A520-4BEA-99FB-7E46F30542BA}
	EndGlobalSection
EndGlobal
