
Microsoft Visual Studio Solution File, Format Version 12.00
# Visual Studio Version 17
VisualStudioVersion = 17.2.32616.157
MinimumVisualStudioVersion = 10.0.40219.1
Project("{FAE04EC0-301F-11D3-BF4B-00C04F79EFBC}") = "FileBrowser", "FileBrowser\FileBrowser.csproj", "{7E999D61-9EFE-48DA-B274-3F6691D1906D}"
EndProject
Global
	GlobalSection(SolutionConfigurationPlatforms) = preSolution
		Debug|Any CPU = Debug|Any CPU
		Release|Any CPU = Release|Any CPU
	EndGlobalSection
	GlobalSection(ProjectConfigurationPlatforms) = postSolution
		{7E999D61-9EFE-48DA-B274-3F6691D1906D}.Debug|Any CPU.ActiveCfg = Debug|Any CPU
		{7E999D61-9EFE-48DA-B274-3F6691D1906D}.Debug|Any CPU.Build.0 = Debug|Any CPU
		{7E999D61-9EFE-48DA-B274-3F6691D1906D}.Release|Any CPU.ActiveCfg = Release|Any CPU
		{7E999D61-9EFE-48DA-B274-3F6691D1906D}.Release|Any CPU.Build.0 = Release|Any CPU
	EndGlobalSection
	GlobalSection(SolutionProperties) = preSolution
		HideSolutionNode = FALSE
	EndGlobalSection
	GlobalSection(ExtensibilityGlobals) = postSolution
		SolutionGuid = {AE7E6D7D-A3AE-43A5-9B4A-9C3BC82E14D7}
	EndGlobalSection
EndGlobal
